{
  "version": "3",
  "packages": {
    "specifiers": {
      "jsr:@hono/hono@^4.6.2": "jsr:@hono/hono@4.6.2",
      "npm:prisma": "npm:prisma@5.19.1"
    },
    "jsr": {
      "@hono/hono@4.6.2": {
        "integrity": "35fcf3be4687825080b01bed7bbe2ac66f8d8b8939f0bad459661bf3b46d916f"
      }
    },
    "npm": {
      "@prisma/debug@5.19.1": {
        "integrity": "sha512-lAG6A6QnG2AskAukIEucYJZxxcSqKsMK74ZFVfCTOM/7UiyJQi48v6TQ47d6qKG3LbMslqOvnTX25dj/qvclGg==",
        "dependencies": {}
      },
      "@prisma/engines-version@5.19.1-2.69d742ee20b815d88e17e54db4a2a7a3b30324e3": {
        "integrity": "sha512-xR6rt+z5LnNqTP5BBc+8+ySgf4WNMimOKXRn6xfNRDSpHvbOEmd7+qAOmzCrddEc4Cp8nFC0txU14dstjH7FXA==",
        "dependencies": {}
      },
      "@prisma/engines@5.19.1": {
        "integrity": "sha512-kR/PoxZDrfUmbbXqqb8SlBBgCjvGaJYMCOe189PEYzq9rKqitQ2fvT/VJ8PDSe8tTNxhc2KzsCfCAL+Iwm/7Cg==",
        "dependencies": {
          "@prisma/debug": "@prisma/debug@5.19.1",
          "@prisma/engines-version": "@prisma/engines-version@5.19.1-2.69d742ee20b815d88e17e54db4a2a7a3b30324e3",
          "@prisma/fetch-engine": "@prisma/fetch-engine@5.19.1",
          "@prisma/get-platform": "@prisma/get-platform@5.19.1"
        }
      },
      "@prisma/fetch-engine@5.19.1": {
        "integrity": "sha512-pCq74rtlOVJfn4pLmdJj+eI4P7w2dugOnnTXpRilP/6n5b2aZiA4ulJlE0ddCbTPkfHmOL9BfaRgA8o+1rfdHw==",
        "dependencies": {
          "@prisma/debug": "@prisma/debug@5.19.1",
          "@prisma/engines-version": "@prisma/engines-version@5.19.1-2.69d742ee20b815d88e17e54db4a2a7a3b30324e3",
          "@prisma/get-platform": "@prisma/get-platform@5.19.1"
        }
      },
      "@prisma/get-platform@5.19.1": {
        "integrity": "sha512-sCeoJ+7yt0UjnR+AXZL7vXlg5eNxaFOwC23h0KvW1YIXUoa7+W2ZcAUhoEQBmJTW4GrFqCuZ8YSP0mkDa4k3Zg==",
        "dependencies": {
          "@prisma/debug": "@prisma/debug@5.19.1"
        }
      },
      "fsevents@2.3.3": {
        "integrity": "sha512-5xoDfX+fL7faATnagmWPpbFtwh/R77WmMMqqHGS65C3vvB0YHrgF+B1YmZ3441tMj5n63k0212XNoJwzlhffQw==",
        "dependencies": {}
      },
      "prisma@5.19.1": {
        "integrity": "sha512-c5K9MiDaa+VAAyh1OiYk76PXOme9s3E992D7kvvIOhCrNsBQfy2mP2QAQtX0WNj140IgG++12kwZpYB9iIydNQ==",
        "dependencies": {
          "@prisma/engines": "@prisma/engines@5.19.1",
          "fsevents": "fsevents@2.3.3"
        }
      }
    }
  },
  "remote": {},
  "workspace": {
    "dependencies": [
      "jsr:@hono/hono@^4.6.2"
    ]
  }
}
